Microsoft Visual Studio Solution File, Format Version 12.00
# Visual Studio Version 16
VisualStudioVersion = 16.0.0.0
MinimumVisualStudioVersion = 16.0.0.0
Project("{9A19103F-16F7-4668-BE54-9A1E7A4F7556}") = "Keboho.Server", "Keboho.Server\Keboho.Server.csproj", "{EA105D2C-1452-4AE1-914E-C970DED9AA37}"
EndProject
Project("{9A19103F-16F7-4668-BE54-9A1E7A4F7556}") = "Keboho.Client", "Keboho.Client\Keboho.Client.csproj", "{A15B3086-605F-4CFA-A267-BFCFE6FA689D}"
EndProject
Project("{9A19103F-16F7-4668-BE54-9A1E7A4F7556}") = "Keboho.Shared", "Keboho.Shared\Keboho.Shared.csproj", "{856B41DC-6585-4EB8-9C95-0EFF7EECDEA6}"
EndProject
Global
	GlobalSection(SolutionConfigurationPlatforms) = preSolution
		Debug|Any CPU = Debug|Any CPU
		Debug|x64 = Debug|x64
		Debug|x86 = Debug|x86
		Release|Any CPU = Release|Any CPU
		Release|x64 = Release|x64
		Release|x86 = Release|x86
	EndGlobalSection
	GlobalSection(ProjectConfigurationPlatforms) = postSolution
		{A15B3086-605F-4CFA-A267-BFCFE6FA689D}.Debug|Any CPU.ActiveCfg = Debug|Any CPU
		{A15B3086-605F-4CFA-A267-BFCFE6FA689D}.Debug|Any CPU.Build.0 = Debug|Any CPU
		{A15B3086-605F-4CFA-A267-BFCFE6FA689D}.Debug|x64.ActiveCfg = Debug|Any CPU
		{A15B3086-605F-4CFA-A267-BFCFE6FA689D}.Debug|x64.Build.0 = Debug|Any CPU
		{A15B3086-605F-4CFA-A267-BFCFE6FA689D}.Debug|x86.ActiveCfg = Debug|Any CPU
		{A15B3086-605F-4CFA-A267-BFCFE6FA689D}.Debug|x86.Build.0 = Debug|Any CPU
		{A15B3086-605F-4CFA-A267-BFCFE6FA689D}.Release|Any CPU.ActiveCfg = Release|Any CPU
		{A15B3086-605F-4CFA-A267-BFCFE6FA689D}.Release|Any CPU.Build.0 = Release|Any CPU
		{A15B3086-605F-4CFA-A267-BFCFE6FA689D}.Release|x64.ActiveCfg = Release|Any CPU
		{A15B3086-605F-4CFA-A267-BFCFE6FA689D}.Release|x64.Build.0 = Release|Any CPU
		{A15B3086-605F-4CFA-A267-BFCFE6FA689D}.Release|x86.ActiveCfg = Release|Any CPU
		{A15B3086-605F-4CFA-A267-BFCFE6FA689D}.Release|x86.Build.0 = Release|Any CPU
		{EA105D2C-1452-4AE1-914E-C970DED9AA37}.Debug|Any CPU.ActiveCfg = Debug|Any CPU
		{EA105D2C-1452-4AE1-914E-C970DED9AA37}.Debug|Any CPU.Build.0 = Debug|Any CPU
		{EA105D2C-1452-4AE1-914E-C970DED9AA37}.Debug|x64.ActiveCfg = Debug|Any CPU
		{EA105D2C-1452-4AE1-914E-C970DED9AA37}.Debug|x64.Build.0 = Debug|Any CPU
		{EA105D2C-1452-4AE1-914E-C970DED9AA37}.Debug|x86.ActiveCfg = Debug|Any CPU
		{EA105D2C-1452-4AE1-914E-C970DED9AA37}.Debug|x86.Build.0 = Debug|Any CPU
		{EA105D2C-1452-4AE1-914E-C970DED9AA37}.Release|Any CPU.ActiveCfg = Release|Any CPU
		{EA105D2C-1452-4AE1-914E-C970DED9AA37}.Release|Any CPU.Build.0 = Release|Any CPU
		{EA105D2C-1452-4AE1-914E-C970DED9AA37}.Release|x64.ActiveCfg = Release|Any CPU
		{EA105D2C-1452-4AE1-914E-C970DED9AA37}.Release|x64.Build.0 = Release|Any CPU
		{EA105D2C-1452-4AE1-914E-C970DED9AA37}.Release|x86.ActiveCfg = Release|Any CPU
		{EA105D2C-1452-4AE1-914E-C970DED9AA37}.Release|x86.Build.0 = Release|Any CPU
		{856B41DC-6585-4EB8-9C95-0EFF7EECDEA6}.Debug|Any CPU.ActiveCfg = Debug|Any CPU
		{856B41DC-6585-4EB8-9C95-0EFF7EECDEA6}.Debug|Any CPU.Build.0 = Debug|Any CPU
		{856B41DC-6585-4EB8-9C95-0EFF7EECDEA6}.Debug|x64.ActiveCfg = Debug|Any CPU
		{856B41DC-6585-4EB8-9C95-0EFF7EECDEA6}.Debug|x64.Build.0 = Debug|Any CPU
		{856B41DC-6585-4EB8-9C95-0EFF7EECDEA6}.Debug|x86.ActiveCfg = Debug|Any CPU
		{856B41DC-6585-4EB8-9C95-0EFF7EECDEA6}.Debug|x86.Build.0 = Debug|Any CPU
		{856B41DC-6585-4EB8-9C95-0EFF7EECDEA6}.Release|Any CPU.ActiveCfg = Release|Any CPU
		{856B41DC-6585-4EB8-9C95-0EFF7EECDEA6}.Release|Any CPU.Build.0 = Release|Any CPU
		{856B41DC-6585-4EB8-9C95-0EFF7EECDEA6}.Release|x64.ActiveCfg = Release|Any CPU
		{856B41DC-6585-4EB8-9C95-0EFF7EECDEA6}.Release|x64.Build.0 = Release|Any CPU
		{856B41DC-6585-4EB8-9C95-0EFF7EECDEA6}.Release|x86.ActiveCfg = Release|Any CPU
		{856B41DC-6585-4EB8-9C95-0EFF7EECDEA6}.Release|x86.Build.0 = Release|Any CPU
	EndGlobalSection
	GlobalSection(SolutionProperties) = preSolution
		HideSolutionNode = FALSE
	EndGlobalSection
	GlobalSection(ExtensibilityGlobals) = postSolution
		SolutionGuid = {1F70705B-3ECE-4116-A08C-4202C70A5F22}
	EndGlobalSection
EndGlobal
